
Microsoft Visual Studio Solution File, Format Version 12.00
# Visual Studio Version 17
VisualStudioVersion = 17.5.33627.172
MinimumVisualStudioVersion = 10.0.40219.1
Project("{FAE04EC0-301F-11D3-BF4B-00C04F79EFBC}") = "EvidencePojisteni", "EvidencePojisteni\EvidencePojisteni.csproj", "{02B17D5E-41A7-46F5-8F10-D69A10EC726A}"
EndProject
Global
	GlobalSection(SolutionConfigurationPlatforms) = preSolution
		Debug|Any CPU = Debug|Any CPU
		Release|Any CPU = Release|Any CPU
	EndGlobalSection
	GlobalSection(ProjectConfigurationPlatforms) = postSolution
		{02B17D5E-41A7-46F5-8F10-D69A10EC726A}.Debug|Any CPU.ActiveCfg = Debug|Any CPU
		{02B17D5E-41A7-46F5-8F10-D69A10EC726A}.Debug|Any CPU.Build.0 = Debug|Any CPU
		{02B17D5E-41A7-46F5-8F10-D69A10EC726A}.Release|Any CPU.ActiveCfg = Release|Any CPU
		{02B17D5E-41A7-46F5-8F10-D69A10EC726A}.Release|Any CPU.Build.0 = Release|Any CPU
	EndGlobalSection
	GlobalSection(SolutionProperties) = preSolution
		HideSolutionNode = FALSE
	EndGlobalSection
	GlobalSection(ExtensibilityGlobals) = postSolution
		SolutionGuid = {A188D384-F2D8-42D6-B387-624161C91978}
	EndGlobalSection
EndGlobal
